// !$*UTF8*$!
{
	archiveVersion = 1;
	classes = {
	};
	objectVersion = 56;
	objects = {

/* Begin PBXBuildFile section */
		C5FFB3D12BCFAEF200167756 /* AppDelegate.swift in Sources */ = {isa = PBXBuildFile; fileRef = C5FFB3D02BCFAEF200167756 /* AppDelegate.swift */; };
		C5FFB3D32BCFAEF200167756 /* SceneDelegate.swift in Sources */ = {isa = PBXBuildFile; fileRef = C5FFB3D22BCFAEF200167756 /* SceneDelegate.swift */; };
		C5FFB3D52BCFAEF200167756 /* ViewController.swift in Sources */ = {isa = PBXBuildFile; fileRef = C5FFB3D42BCFAEF200167756 /* ViewController.swift */; };
		C5FFB3D82BCFAEF200167756 /* Main.storyboard in Resources */ = {isa = PBXBuildFile; fileRef = C5FFB3D62BCFAEF200167756 /* Main.storyboard */; };
		C5FFB3DA2BCFAEF500167756 /* Assets.xcassets in Resources */ = {isa = PBXBuildFile; fileRef = C5FFB3D92BCFAEF500167756 /* Assets.xcassets */; };
		C5FFB3DD2BCFAEF500167756 /* LaunchScreen.storyboard in Resources */ = {isa = PBXBuildFile; fileRef = C5FFB3DB2BCFAEF500167756 /* LaunchScreen.storyboard */; };
		C5FFB3E82BCFAEF500167756 /* FetchingJsonDataTests.swift in Sources */ = {isa = PBXBuildFile; fileRef = C5FFB3E72BCFAEF500167756 /* FetchingJsonDataTests.swift */; };
		C5FFB3F22BCFAEF500167756 /* FetchingJsonDataUITests.swift in Sources */ = {isa = PBXBuildFile; fileRef = C5FFB3F12BCFAEF500167756 /* FetchingJsonDataUITests.swift */; };
		C5FFB3F42BCFAEF500167756 /* FetchingJsonDataUITestsLaunchTests.swift in Sources */ = {isa = PBXBuildFile; fileRef = C5FFB3F32BCFAEF500167756 /* FetchingJsonDataUITestsLaunchTests.swift */; };
/* End PBXBuildFile section */

/* Begin PBXContainerItemProxy section */
		C5FFB3E42BCFAEF500167756 /* PBXContainerItemProxy */ = {
			isa = PBXContainerItemProxy;
			containerPortal = C5FFB3C52BCFAEF200167756 /* Project object */;
			proxyType = 1;
			remoteGlobalIDString = C5FFB3CC2BCFAEF200167756;
			remoteInfo = FetchingJsonData;
		};
		C5FFB3EE2BCFAEF500167756 /* PBXContainerItemProxy */ = {
			isa = PBXContainerItemProxy;
			containerPortal = C5FFB3C52BCFAEF200167756 /* Project object */;
			proxyType = 1;
			remoteGlobalIDString = C5FFB3CC2BCFAEF200167756;
			remoteInfo = FetchingJsonData;
		};
/* End PBXContainerItemProxy section */

/* Begin PBXFileReference section */
		C5FFB3CD2BCFAEF200167756 /* FetchingJsonData.app */ = {isa = PBXFileReference; explicitFileType = wrapper.application; includeInIndex = 0; path = FetchingJsonData.app; sourceTree = BUILT_PRODUCTS_DIR; };
		C5FFB3D02BCFAEF200167756 /* AppDelegate.swift */ = {isa = PBXFileReference; lastKnownFileType = sourcecode.swift; path = AppDelegate.swift; sourceTree = "<group>"; };
		C5FFB3D22BCFAEF200167756 /* SceneDelegate.swift */ = {isa = PBXFileReference; lastKnownFileType = sourcecode.swift; path = SceneDelegate.swift; sourceTree = "<group>"; };
		C5FFB3D42BCFAEF200167756 /* ViewController.swift */ = {isa = PBXFileReference; lastKnownFileType = sourcecode.swift; path = ViewController.swift; sourceTree = "<group>"; };
		C5FFB3D72BCFAEF200167756 /* Base */ = {isa = PBXFileReference; lastKnownFileType = file.storyboard; name = Base; path = Base.lproj/Main.storyboard; sourceTree = "<group>"; };
		C5FFB3D92BCFAEF500167756 /* Assets.xcassets */ = {isa = PBXFileReference; lastKnownFileType = folder.assetcatalog; path = Assets.xcassets; sourceTree = "<group>"; };
		C5FFB3DC2BCFAEF500167756 /* Base */ = {isa = PBXFileReference; lastKnownFileType = file.storyboard; name = Base; path = Base.lproj/LaunchScreen.storyboard; sourceTree = "<group>"; };
		C5FFB3DE2BCFAEF500167756 /* Info.plist */ = {isa = PBXFileReference; lastKnownFileType = text.plist.xml; path = Info.plist; sourceTree = "<group>"; };
		C5FFB3E32BCFAEF500167756 /* FetchingJsonDataTests.xctest */ = {isa = PBXFileReference; explicitFileType = wrapper.cfbundle; includeInIndex = 0; path = FetchingJsonDataTests.xctest; sourceTree = BUILT_PRODUCTS_DIR; };
		C5FFB3E72BCFAEF500167756 /* FetchingJsonDataTests.swift */ = {isa = PBXFileReference; lastKnownFileType = sourcecode.swift; path = FetchingJsonDataTests.swift; sourceTree = "<group>"; };
		C5FFB3ED2BCFAEF500167756 /* FetchingJsonDataUITests.xctest */ = {isa = PBXFileReference; explicitFileType = wrapper.cfbundle; includeInIndex = 0; path = FetchingJsonDataUITests.xctest; sourceTree = BUILT_PRODUCTS_DIR; };
		C5FFB3F12BCFAEF500167756 /* FetchingJsonDataUITests.swift */ = {isa = PBXFileReference; lastKnownFileType = sourcecode.swift; path = FetchingJsonDataUITests.swift; sourceTree = "<group>"; };
		C5FFB3F32BCFAEF500167756 /* FetchingJsonDataUITestsLaunchTests.swift */ = {isa = PBXFileReference; lastKnownFileType = sourcecode.swift; path = FetchingJsonDataUITestsLaunchTests.swift; sourceTree = "<group>"; };
/* End PBXFileReference section */

/* Begin PBXFrameworksBuildPhase section */
		C5FFB3CA2BCFAEF200167756 /* Frameworks */ = {
			isa = PBXFrameworksBuildPhase;
			buildActionMask = 2147483647;
			files = (
			);
			runOnlyForDeploymentPostprocessing = 0;
		};
		C5FFB3E02BCFAEF500167756 /* Frameworks */ = {
			isa = PBXFrameworksBuildPhase;
			buildActionMask = 2147483647;
			files = (
			);
			runOnlyForDeploymentPostprocessing = 0;
		};
		C5FFB3EA2BCFAEF500167756 /* Frameworks */ = {
			isa = PBXFrameworksBuildPhase;
			buildActionMask = 2147483647;
			files = (
			);
			runOnlyForDeploymentPostprocessing = 0;
		};
/* End PBXFrameworksBuildPhase section */

/* Begin PBXGroup section */
		C5FFB3C42BCFAEF200167756 = {
			isa = PBXGroup;
			children = (
				C5FFB3CF2BCFAEF200167756 /* FetchingJsonData */,
				C5FFB3E62BCFAEF500167756 /* FetchingJsonDataTests */,
				C5FFB3F02BCFAEF500167756 /* FetchingJsonDataUITests */,
				C5FFB3CE2BCFAEF200167756 /* Products */,
			);
			sourceTree = "<group>";
		};
		C5FFB3CE2BCFAEF200167756 /* Products */ = {
			isa = PBXGroup;
			children = (
				C5FFB3CD2BCFAEF200167756 /* FetchingJsonData.app */,
				C5FFB3E32BCFAEF500167756 /* FetchingJsonDataTests.xctest */,
				C5FFB3ED2BCFAEF500167756 /* FetchingJsonDataUITests.xctest */,
			);
			name = Products;
			sourceTree = "<group>";
		};
		C5FFB3CF2BCFAEF200167756 /* FetchingJsonData */ = {
			isa = PBXGroup;
			children = (
				C5FFB3D02BCFAEF200167756 /* AppDelegate.swift */,
				C5FFB3D22BCFAEF200167756 /* SceneDelegate.swift */,
				C5FFB3D42BCFAEF200167756 /* ViewController.swift */,
				C5FFB3D62BCFAEF200167756 /* Main.storyboard */,
				C5FFB3D92BCFAEF500167756 /* Assets.xcassets */,
				C5FFB3DB2BCFAEF500167756 /* LaunchScreen.storyboard */,
				C5FFB3DE2BCFAEF500167756 /* Info.plist */,
			);
			path = FetchingJsonData;
			sourceTree = "<group>";
		};
		C5FFB3E62BCFAEF500167756 /* FetchingJsonDataTests */ = {
			isa = PBXGroup;
			children = (
				C5FFB3E72BCFAEF500167756 /* FetchingJsonDataTests.swift */,
			);
			path = FetchingJsonDataTests;
			sourceTree = "<group>";
		};
		C5FFB3F02BCFAEF500167756 /* FetchingJsonDataUITests */ = {
			isa = PBXGroup;
			children = (
				C5FFB3F12BCFAEF500167756 /* FetchingJsonDataUITests.swift */,
				C5FFB3F32BCFAEF500167756 /* FetchingJsonDataUITestsLaunchTests.swift */,
			);
			path = FetchingJsonDataUITests;
			sourceTree = "<group>";
		};
/* End PBXGroup section */

/* Begin PBXNativeTarget section */
		C5FFB3CC2BCFAEF200167756 /* FetchingJsonData */ = {
			isa = PBXNativeTarget;
			buildConfigurationList = C5FFB3F72BCFAEF500167756 /* Build configuration list for PBXNativeTarget "FetchingJsonData" */;
			buildPhases = (
				C5FFB3C92BCFAEF200167756 /* Sources */,
				C5FFB3CA2BCFAEF200167756 /* Frameworks */,
				C5FFB3CB2BCFAEF200167756 /* Resources */,
			);
			buildRules = (
			);
			dependencies = (
			);
			name = FetchingJsonData;
			productName = FetchingJsonData;
			productReference = C5FFB3CD2BCFAEF200167756 /* FetchingJsonData.app */;
			productType = "com.apple.product-type.application";
		};
		C5FFB3E22BCFAEF500167756 /* FetchingJsonDataTests */ = {
			isa = PBXNativeTarget;
			buildConfigurationList = C5FFB3FA2BCFAEF500167756 /* Build configuration list for PBXNativeTarget "FetchingJsonDataTests" */;
			buildPhases = (
				C5FFB3DF2BCFAEF500167756 /* Sources */,
				C5FFB3E02BCFAEF500167756 /* Frameworks */,
				C5FFB3E12BCFAEF500167756 /* Resources */,
			);
			buildRules = (
			);
			dependencies = (
				C5FFB3E52BCFAEF500167756 /* PBXTargetDependency */,
			);
			name = FetchingJsonDataTests;
			productName = FetchingJsonDataTests;
			productReference = C5FFB3E32BCFAEF500167756 /* FetchingJsonDataTests.xctest */;
			productType = "com.apple.product-type.bundle.unit-test";
		};
		C5FFB3EC2BCFAEF500167756 /* FetchingJsonDataUITests */ = {
			isa = PBXNativeTarget;
			buildConfigurationList = C5FFB3FD2BCFAEF500167756 /* Build configuration list for PBXNativeTarget "FetchingJsonDataUITests" */;
			buildPhases = (
				C5FFB3E92BCFAEF500167756 /* Sources */,
				C5FFB3EA2BCFAEF500167756 /* Frameworks */,
				C5FFB3EB2BCFAEF500167756 /* Resources */,
			);
			buildRules = (
			);
			dependencies = (
				C5FFB3EF2BCFAEF500167756 /* PBXTargetDependency */,
			);
			name = FetchingJsonDataUITests;
			productName = FetchingJsonDataUITests;
			productReference = C5FFB3ED2BCFAEF500167756 /* FetchingJsonDataUITests.xctest */;
			productType = "com.apple.product-type.bundle.ui-testing";
		};
/* End PBXNativeTarget section */

/* Begin PBXProject section */
		C5FFB3C52BCFAEF200167756 /* Project object */ = {
			isa = PBXProject;
			attributes = {
				BuildIndependentTargetsInParallel = 1;
				LastSwiftUpdateCheck = 1510;
				LastUpgradeCheck = 1510;
				TargetAttributes = {
					C5FFB3CC2BCFAEF200167756 = {
						CreatedOnToolsVersion = 15.1;
					};
					C5FFB3E22BCFAEF500167756 = {
						CreatedOnToolsVersion = 15.1;
						TestTargetID = C5FFB3CC2BCFAEF200167756;
					};
					C5FFB3EC2BCFAEF500167756 = {
						CreatedOnToolsVersion = 15.1;
						TestTargetID = C5FFB3CC2BCFAEF200167756;
					};
				};
			};
			buildConfigurationList = C5FFB3C82BCFAEF200167756 /* Build configuration list for PBXProject "FetchingJsonData" */;
			compatibilityVersion = "Xcode 14.0";
			developmentRegion = en;
			hasScannedForEncodings = 0;
			knownRegions = (
				en,
				Base,
			);
			mainGroup = C5FFB3C42BCFAEF200167756;
			productRefGroup = C5FFB3CE2BCFAEF200167756 /* Products */;
			projectDirPath = "";
			projectRoot = "";
			targets = (
				C5FFB3CC2BCFAEF200167756 /* FetchingJsonData */,
				C5FFB3E22BCFAEF500167756 /* FetchingJsonDataTests */,
				C5FFB3EC2BCFAEF500167756 /* FetchingJsonDataUITests */,
			);
		};
/* End PBXProject section */

/* Begin PBXResourcesBuildPhase section */
		C5FFB3CB2BCFAEF200167756 /* Resources */ = {
			isa = PBXResourcesBuildPhase;
			buildActionMask = 2147483647;
			files = (
				C5FFB3DD2BCFAEF500167756 /* LaunchScreen.storyboard in Resources */,
				C5FFB3DA2BCFAEF500167756 /* Assets.xcassets in Resources */,
				C5FFB3D82BCFAEF200167756 /* Main.storyboard in Resources */,
			);
			runOnlyForDeploymentPostprocessing = 0;
		};
		C5FFB3E12BCFAEF500167756 /* Resources */ = {
			isa = PBXResourcesBuildPhase;
			buildActionMask = 2147483647;
			files = (
			);
			runOnlyForDeploymentPostprocessing = 0;
		};
		C5FFB3EB2BCFAEF500167756 /* Resources */ = {
			isa = PBXResourcesBuildPhase;
			buildActionMask = 2147483647;
			files = (
			);
			runOnlyForDeploymentPostprocessing = 0;
		};
/* End PBXResourcesBuildPhase section */

/* Begin PBXSourcesBuildPhase section */
		C5FFB3C92BCFAEF200167756 /* Sources */ = {
			isa = PBXSourcesBuildPhase;
			buildActionMask = 2147483647;
			files = (
				C5FFB3D52BCFAEF200167756 /* ViewController.swift in Sources */,
				C5FFB3D12BCFAEF200167756 /* AppDelegate.swift in Sources */,
				C5FFB3D32BCFAEF200167756 /* SceneDelegate.swift in Sources */,
			);
			runOnlyForDeploymentPostprocessing = 0;
		};
		C5FFB3DF2BCFAEF500167756 /* Sources */ = {
			isa = PBXSourcesBuildPhase;
			buildActionMask = 2147483647;
			files = (
				C5FFB3E82BCFAEF500167756 /* FetchingJsonDataTests.swift in Sources */,
			);
			runOnlyForDeploymentPostprocessing = 0;
		};
		C5FFB3E92BCFAEF500167756 /* Sources */ = {
			isa = PBXSourcesBuildPhase;
			buildActionMask = 2147483647;
			files = (
				C5FFB3F42BCFAEF500167756 /* FetchingJsonDataUITestsLaunchTests.swift in Sources */,
				C5FFB3F22BCFAEF500167756 /* FetchingJsonDataUITests.swift in Sources */,
			);
			runOnlyForDeploymentPostprocessing = 0;
		};
/* End PBXSourcesBuildPhase section */

/* Begin PBXTargetDependency section */
		C5FFB3E52BCFAEF500167756 /* PBXTargetDependency */ = {
			isa = PBXTargetDependency;
			target = C5FFB3CC2BCFAEF200167756 /* FetchingJsonData */;
			targetProxy = C5FFB3E42BCFAEF500167756 /* PBXContainerItemProxy */;
		};
		C5FFB3EF2BCFAEF500167756 /* PBXTargetDependency */ = {
			isa = PBXTargetDependency;
			target = C5FFB3CC2BCFAEF200167756 /* FetchingJsonData */;
			targetProxy = C5FFB3EE2BCFAEF500167756 /* PBXContainerItemProxy */;
		};
/* End PBXTargetDependency section */

/* Begin PBXVariantGroup section */
		C5FFB3D62BCFAEF200167756 /* Main.storyboard */ = {
			isa = PBXVariantGroup;
			children = (
				C5FFB3D72BCFAEF200167756 /* Base */,
			);
			name = Main.storyboard;
			sourceTree = "<group>";
		};
		C5FFB3DB2BCFAEF500167756 /* LaunchScreen.storyboard */ = {
			isa = PBXVariantGroup;
			children = (
				C5FFB3DC2BCFAEF500167756 /* Base */,
			);
			name = LaunchScreen.storyboard;
			sourceTree = "<group>";
		};
/* End PBXVariantGroup section */

/* Begin XCBuildConfiguration section */
		C5FFB3F52BCFAEF500167756 /* Debug */ = {
			isa = XCBuildConfiguration;
			buildSettings = {
				ALWAYS_SEARCH_USER_PATHS = NO;
				ASSETCATALOG_COMPILER_GENERATE_SWIFT_ASSET_SYMBOL_EXTENSIONS = YES;
				CLANG_ANALYZER_NONNULL = YES;
				CLANG_ANALYZER_NUMBER_OBJECT_CONVERSION = YES_AGGRESSIVE;
				CLANG_CXX_LANGUAGE_STANDARD = "gnu++20";
				CLANG_ENABLE_MODULES = YES;
				CLANG_ENABLE_OBJC_ARC = YES;
				CLANG_ENABLE_OBJC_WEAK = YES;
				CLANG_WARN_BLOCK_CAPTURE_AUTORELEASING = YES;
				CLANG_WARN_BOOL_CONVERSION = YES;
				CLANG_WARN_COMMA = YES;
				CLANG_WARN_CONSTANT_CONVERSION = YES;
				CLANG_WARN_DEPRECATED_OBJC_IMPLEMENTATIONS = YES;
				CLANG_WARN_DIRECT_OBJC_ISA_USAGE = YES_ERROR;
				CLANG_WARN_DOCUMENTATION_COMMENTS = YES;
				CLANG_WARN_EMPTY_BODY = YES;
				CLANG_WARN_ENUM_CONVERSION = YES;
				CLANG_WARN_INFINITE_RECURSION = YES;
				CLANG_WARN_INT_CONVERSION = YES;
				CLANG_WARN_NON_LITERAL_NULL_CONVERSION = YES;
				CLANG_WARN_OBJC_IMPLICIT_RETAIN_SELF = YES;
				CLANG_WARN_OBJC_LITERAL_CONVERSION = YES;
				CLANG_WARN_OBJC_ROOT_CLASS = YES_ERROR;
				CLANG_WARN_QUOTED_INCLUDE_IN_FRAMEWORK_HEADER = YES;
				CLANG_WARN_RANGE_LOOP_ANALYSIS = YES;
				CLANG_WARN_STRICT_PROTOTYPES = YES;
				CLANG_WARN_SUSPICIOUS_MOVE = YES;
				CLANG_WARN_UNGUARDED_AVAILABILITY = YES_AGGRESSIVE;
				CLANG_WARN_UNREACHABLE_CODE = YES;
				CLANG_WARN__DUPLICATE_METHOD_MATCH = YES;
				COPY_PHASE_STRIP = NO;
				DEBUG_INFORMATION_FORMAT = dwarf;
				ENABLE_STRICT_OBJC_MSGSEND = YES;
				ENABLE_TESTABILITY = YES;
				ENABLE_USER_SCRIPT_SANDBOXING = YES;
				GCC_C_LANGUAGE_STANDARD = gnu17;
				GCC_DYNAMIC_NO_PIC = NO;
				GCC_NO_COMMON_BLOCKS = YES;
				GCC_OPTIMIZATION_LEVEL = 0;
				GCC_PREPROCESSOR_DEFINITIONS = (
					"DEBUG=1",
					"$(inherited)",
				);
				GCC_WARN_64_TO_32_BIT_CONVERSION = YES;
				GCC_WARN_ABOUT_RETURN_TYPE = YES_ERROR;
				GCC_WARN_UNDECLARED_SELECTOR = YES;
				GCC_WARN_UNINITIALIZED_AUTOS = YES_AGGRESSIVE;
				GCC_WARN_UNUSED_FUNCTION = YES;
				GCC_WARN_UNUSED_VARIABLE = YES;
				IPHONEOS_DEPLOYMENT_TARGET = 17.2;
				LOCALIZATION_PREFERS_STRING_CATALOGS = YES;
				MTL_ENABLE_DEBUG_INFO = INCLUDE_SOURCE;
				MTL_FAST_MATH = YES;
				ONLY_ACTIVE_ARCH = YES;
				SDKROOT = iphoneos;
				SWIFT_ACTIVE_COMPILATION_CONDITIONS = "DEBUG $(inherited)";
				SWIFT_OPTIMIZATION_LEVEL = "-Onone";
			};
			name = Debug;
		};
		C5FFB3F62BCFAEF500167756 /* Release */ = {
			isa = XCBuildConfiguration;
			buildSettings = {
				ALWAYS_SEARCH_USER_PATHS = NO;
				ASSETCATALOG_COMPILER_GENERATE_SWIFT_ASSET_SYMBOL_EXTENSIONS = YES;
				CLANG_ANALYZER_NONNULL = YES;
				CLANG_ANALYZER_NUMBER_OBJECT_CONVERSION = YES_AGGRESSIVE;
				CLANG_CXX_LANGUAGE_STANDARD = "gnu++20";
				CLANG_ENABLE_MODULES = YES;
				CLANG_ENABLE_OBJC_ARC = YES;
				CLANG_ENABLE_OBJC_WEAK = YES;
				CLANG_WARN_BLOCK_CAPTURE_AUTORELEASING = YES;
				CLANG_WARN_BOOL_CONVERSION = YES;
				CLANG_WARN_COMMA = YES;
				CLANG_WARN_CONSTANT_CONVERSION = YES;
				CLANG_WARN_DEPRECATED_OBJC_IMPLEMENTATIONS = YES;
				CLANG_WARN_DIRECT_OBJC_ISA_USAGE = YES_ERROR;
				CLANG_WARN_DOCUMENTATION_COMMENTS = YES;
				CLANG_WARN_EMPTY_BODY = YES;
				CLANG_WARN_ENUM_CONVERSION = YES;
				CLANG_WARN_INFINITE_RECURSION = YES;
				CLANG_WARN_INT_CONVERSION = YES;
				CLANG_WARN_NON_LITERAL_NULL_CONVERSION = YES;
				CLANG_WARN_OBJC_IMPLICIT_RETAIN_SELF = YES;
				CLANG_WARN_OBJC_LITERAL_CONVERSION = YES;
				CLANG_WARN_OBJC_ROOT_CLASS = YES_ERROR;
				CLANG_WARN_QUOTED_INCLUDE_IN_FRAMEWORK_HEADER = YES;
				CLANG_WARN_RANGE_LOOP_ANALYSIS = YES;
				CLANG_WARN_STRICT_PROTOTYPES = YES;
				CLANG_WARN_SUSPICIOUS_MOVE = YES;
				CLANG_WARN_UNGUARDED_AVAILABILITY = YES_AGGRESSIVE;
				CLANG_WARN_UNREACHABLE_CODE = YES;
				CLANG_WARN__DUPLICATE_METHOD_MATCH = YES;
				COPY_PHASE_STRIP = NO;
				DEBUG_INFORMATION_FORMAT = "dwarf-with-dsym";
				ENABLE_NS_ASSERTIONS = NO;
				ENABLE_STRICT_OBJC_MSGSEND = YES;
				ENABLE_USER_SCRIPT_SANDBOXING = YES;
				GCC_C_LANGUAGE_STANDARD = gnu17;
				GCC_NO_COMMON_BLOCKS = YES;
				GCC_WARN_64_TO_32_BIT_CONVERSION = YES;
				GCC_WARN_ABOUT_RETURN_TYPE = YES_ERROR;
				GCC_WARN_UNDECLARED_SELECTOR = YES;
				GCC_WARN_UNINITIALIZED_AUTOS = YES_AGGRESSIVE;
				GCC_WARN_UNUSED_FUNCTION = YES;
				GCC_WARN_UNUSED_VARIABLE = YES;
				IPHONEOS_DEPLOYMENT_TARGET = 17.2;
				LOCALIZATION_PREFERS_STRING_CATALOGS = YES;
				MTL_ENABLE_DEBUG_INFO = NO;
				MTL_FAST_MATH = YES;
				SDKROOT = iphoneos;
				SWIFT_COMPILATION_MODE = wholemodule;
				VALIDATE_PRODUCT = YES;
			};
			name = Release;
		};
		C5FFB3F82BCFAEF500167756 /* Debug */ = {
			isa = XCBuildConfiguration;
			buildSettings = {
				ASSETCATALOG_COMPILER_APPICON_NAME = AppIcon;
				ASSETCATALOG_COMPILER_GLOBAL_ACCENT_COLOR_NAME = AccentColor;
				CODE_SIGN_STYLE = Automatic;
				CURRENT_PROJECT_VERSION = 1;
				GENERATE_INFOPLIST_FILE = YES;
				INFOPLIST_FILE = FetchingJsonData/Info.plist;
				INFOPLIST_KEY_UIApplicationSupportsIndirectInputEvents = YES;
				INFOPLIST_KEY_UILaunchStoryboardName = LaunchScreen;
				INFOPLIST_KEY_UIMainStoryboardFile = Main;
				INFOPLIST_KEY_UISupportedInterfaceOrientations_iPad = "UIInterfaceOrientationPortrait UIInterfaceOrientationPortraitUpsideDown UIInterfaceOrientationLandscapeLeft UIInterfaceOrientationLandscapeRight";
				INFOPLIST_KEY_UISupportedInterfaceOrientations_iPhone = "UIInterfaceOrientationPortrait UIInterfaceOrientationLandscapeLeft UIInterfaceOrientationLandscapeRight";
				LD_RUNPATH_SEARCH_PATHS = (
					"$(inherited)",
					"@executable_path/Frameworks",
				);
				MARKETING_VERSION = 1.0;
				PRODUCT_BUNDLE_IDENTIFIER = com.kanini.FetchingJsonData;
				PRODUCT_NAME = "$(TARGET_NAME)";
				SWIFT_EMIT_LOC_STRINGS = YES;
				SWIFT_VERSION = 5.0;
				TARGETED_DEVICE_FAMILY = "1,2";
			};
			name = Debug;
		};
		C5FFB3F92BCFAEF500167756 /* Release */ = {
			isa = XCBuildConfiguration;
			buildSettings = {
				ASSETCATALOG_COMPILER_APPICON_NAME = AppIcon;
				ASSETCATALOG_COMPILER_GLOBAL_ACCENT_COLOR_NAME = AccentColor;
				CODE_SIGN_STYLE = Automatic;
				CURRENT_PROJECT_VERSION = 1;
				GENERATE_INFOPLIST_FILE = YES;
				INFOPLIST_FILE = FetchingJsonData/Info.plist;
				INFOPLIST_KEY_UIApplicationSupportsIndirectInputEvents = YES;
				INFOPLIST_KEY_UILaunchStoryboardName = LaunchScreen;
				INFOPLIST_KEY_UIMainStoryboardFile = Main;
				INFOPLIST_KEY_UISupportedInterfaceOrientations_iPad = "UIInterfaceOrientationPortrait UIInterfaceOrientationPortraitUpsideDown UIInterfaceOrientationLandscapeLeft UIInterfaceOrientationLandscapeRight";
				INFOPLIST_KEY_UISupportedInterfaceOrientations_iPhone = "UIInterfaceOrientationPortrait UIInterfaceOrientationLandscapeLeft UIInterfaceOrientationLandscapeRight";
				LD_RUNPATH_SEARCH_PATHS = (
					"$(inherited)",
					"@executable_path/Frameworks",
				);
				MARKETING_VERSION = 1.0;
				PRODUCT_BUNDLE_IDENTIFIER = com.kanini.FetchingJsonData;
				PRODUCT_NAME = "$(TARGET_NAME)";
				SWIFT_EMIT_LOC_STRINGS = YES;
				SWIFT_VERSION = 5.0;
				TARGETED_DEVICE_FAMILY = "1,2";
			};
			name = Release;
		};
		C5FFB3FB2BCFAEF500167756 /* Debug */ = {
			isa = XCBuildConfiguration;
			buildSettings = {
				ALWAYS_EMBED_SWIFT_STANDARD_LIBRARIES = YES;
				BUNDLE_LOADER = "$(TEST_HOST)";
				CODE_SIGN_STYLE = Automatic;
				CURRENT_PROJECT_VERSION = 1;
				GENERATE_INFOPLIST_FILE = YES;
				IPHONEOS_DEPLOYMENT_TARGET = 17.2;
				MARKETING_VERSION = 1.0;
				PRODUCT_BUNDLE_IDENTIFIER = com.kanini.FetchingJsonDataTests;
				PRODUCT_NAME = "$(TARGET_NAME)";
				SWIFT_EMIT_LOC_STRINGS = NO;
				SWIFT_VERSION = 5.0;
				TARGETED_DEVICE_FAMILY = "1,2";
				TEST_HOST = "$(BUILT_PRODUCTS_DIR)/FetchingJsonData.app/$(BUNDLE_EXECUTABLE_FOLDER_PATH)/FetchingJsonData";
			};
			name = Debug;
		};
		C5FFB3FC2BCFAEF500167756 /* Release */ = {
			isa = XCBuildConfiguration;
			buildSettings = {
				ALWAYS_EMBED_SWIFT_STANDARD_LIBRARIES = YES;
				BUNDLE_LOADER = "$(TEST_HOST)";
				CODE_SIGN_STYLE = Automatic;
				CURRENT_PROJECT_VERSION = 1;
				GENERATE_INFOPLIST_FILE = YES;
				IPHONEOS_DEPLOYMENT_TARGET = 17.2;
				MARKETING_VERSION = 1.0;
				PRODUCT_BUNDLE_IDENTIFIER = com.kanini.FetchingJsonDataTests;
				PRODUCT_NAME = "$(TARGET_NAME)";
				SWIFT_EMIT_LOC_STRINGS = NO;
				SWIFT_VERSION = 5.0;
				TARGETED_DEVICE_FAMILY = "1,2";
				TEST_HOST = "$(BUILT_PRODUCTS_DIR)/FetchingJsonData.app/$(BUNDLE_EXECUTABLE_FOLDER_PATH)/FetchingJsonData";
			};
			name = Release;
		};
		C5FFB3FE2BCFAEF500167756 /* Debug */ = {
			isa = XCBuildConfiguration;
			buildSettings = {
				ALWAYS_EMBED_SWIFT_STANDARD_LIBRARIES = YES;
				CODE_SIGN_STYLE = Automatic;
				CURRENT_PROJECT_VERSION = 1;
				GENERATE_INFOPLIST_FILE = YES;
				MARKETING_VERSION = 1.0;
				PRODUCT_BUNDLE_IDENTIFIER = com.kanini.FetchingJsonDataUITests;
				PRODUCT_NAME = "$(TARGET_NAME)";
				SWIFT_EMIT_LOC_STRINGS = NO;
				SWIFT_VERSION = 5.0;
				TARGETED_DEVICE_FAMILY = "1,2";
				TEST_TARGET_NAME = FetchingJsonData;
			};
			name = Debug;
		};
		C5FFB3FF2BCFAEF500167756 /* Release */ = {
			isa = XCBuildConfiguration;
			buildSettings = {
				ALWAYS_EMBED_SWIFT_STANDARD_LIBRARIES = YES;
				CODE_SIGN_STYLE = Automatic;
				CURRENT_PROJECT_VERSION = 1;
				GENERATE_INFOPLIST_FILE = YES;
				MARKETING_VERSION = 1.0;
				PRODUCT_BUNDLE_IDENTIFIER = com.kanini.FetchingJsonDataUITests;
				PRODUCT_NAME = "$(TARGET_NAME)";
				SWIFT_EMIT_LOC_STRINGS = NO;
				SWIFT_VERSION = 5.0;
				TARGETED_DEVICE_FAMILY = "1,2";
				TEST_TARGET_NAME = FetchingJsonData;
			};
			name = Release;
		};
/* End XCBuildConfiguration section */

/* Begin XCConfigurationList section */
		C5FFB3C82BCFAEF200167756 /* Build configuration list for PBXProject "FetchingJsonData" */ = {
			isa = XCConfigurationList;
			buildConfigurations = (
				C5FFB3F52BCFAEF500167756 /* Debug */,
				C5FFB3F62BCFAEF500167756 /* Release */,
			);
			defaultConfigurationIsVisible = 0;
			defaultConfigurationName = Release;
		};
		C5FFB3F72BCFAEF500167756 /* Build configuration list for PBXNativeTarget "FetchingJsonData" */ = {
			isa = XCConfigurationList;
			buildConfigurations = (
				C5FFB3F82BCFAEF500167756 /* Debug */,
				C5FFB3F92BCFAEF500167756 /* Release */,
			);
			defaultConfigurationIsVisible = 0;
			defaultConfigurationName = Release;
		};
		C5FFB3FA2BCFAEF500167756 /* Build configuration list for PBXNativeTarget "FetchingJsonDataTests" */ = {
			isa = XCConfigurationList;
			buildConfigurations = (
				C5FFB3FB2BCFAEF500167756 /* Debug */,
				C5FFB3FC2BCFAEF500167756 /* Release */,
			);
			defaultConfigurationIsVisible = 0;
			defaultConfigurationName = Release;
		};
		C5FFB3FD2BCFAEF500167756 /* Build configuration list for PBXNativeTarget "FetchingJsonDataUITests" */ = {
			isa = XCConfigurationList;
			buildConfigurations = (
				C5FFB3FE2BCFAEF500167756 /* Debug */,
				C5FFB3FF2BCFAEF500167756 /* Release */,
			);
			defaultConfigurationIsVisible = 0;
			defaultConfigurationName = Release;
		};
/* End XCConfigurationList section */
	};
	rootObject = C5FFB3C52BCFAEF200167756 /* Project object */;
}
